<?xml version="1.0" encoding="utf-8"?>
<Project ToolsVersion="4.0" xmlns="http://schemas.microsoft.com/developer/msbuild/2003">
  <ItemGroup>
    <Filter Include="Source Files">
      <UniqueIdentifier>{4FC737F1-C7A5-4376-A066-2A32D752A2FF}</UniqueIdentifier>
      <Extensions>cpp;c;cc;cxx;def;odl;idl;hpj;bat;asm;asmx</Extensions>
    </Filter>
    <Filter Include="Header Files">
      <UniqueIdentifier>{93995380-89BD-4b04-88EB-625FBE52EBFB}</UniqueIdentifier>
      <Extensions>h;hh;hpp;hxx;hm;inl;inc;xsd</Extensions>
    </Filter>
    <Filter Include="Resource Files">
      <UniqueIdentifier>{67DA6AB6-F800-4c08-8B7A-83BB121AAD01}</UniqueIdentifier>
      <Extensions>rc;ico;cur;bmp;dlg;rc2;rct;bin;rgs;gif;jpg;jpeg;jpe;resx;tiff;tif;png;wav;mfcribbon-ms</Extensions>
    </Filter>
    <Filter Include="Header Files\Engine">
      <UniqueIdentifier>{72999b13-a16f-48fc-ba91-fa69ffc344e8}</UniqueIdentifier>
    </Filter>
    <Filter Include="Header Files\Engine\Cores">
      <UniqueIdentifier>{91aa62a4-cd27-43bf-9c70-35c172305374}</UniqueIdentifier>
    </Filter>
    <Filter Include="Header Files\Engine\Graphics">
      <UniqueIdentifier>{c059c570-298c-4344-a9c2-810345a9459f}</UniqueIdentifier>
    </Filter>
    <Filter Include="Header Files\Engine\Input">
      <UniqueIdentifier>{95af2ae9-10bc-4aa4-8404-6ebbdc55df43}</UniqueIdentifier>
    </Filter>
    <Filter Include="Header Files\Engine\Messaging">
      <UniqueIdentifier>{837e5121-83cd-4d1f-bb39-121f2d00c793}</UniqueIdentifier>
    </Filter>
    <Filter Include="Header Files\Engine\Audio">
      <UniqueIdentifier>{31e15ebc-2b28-474c-b847-fbbaa7c191d3}</UniqueIdentifier>
    </Filter>
    <Filter Include="Source Files\Engine">
      <UniqueIdentifier>{2cba532f-6ab8-416d-a8d1-26353ef8fa07}</UniqueIdentifier>
    </Filter>
    <Filter Include="Source Files\Engine\Cores">
      <UniqueIdentifier>{e14f7f2f-2372-46bd-abe7-9a5b1880df2f}</UniqueIdentifier>
    </Filter>
    <Filter Include="Source Files\Engine\Graphics">
      <UniqueIdentifier>{de1c847a-7c21-4ee8-a971-97b729145645}</UniqueIdentifier>
    </Filter>
    <Filter Include="Source Files\Engine\Input">
      <UniqueIdentifier>{152a0198-0b64-458b-bf20-d34318280520}</UniqueIdentifier>
    </Filter>
    <Filter Include="Source Files\Engine\Messaging">
      <UniqueIdentifier>{d8ee0b90-4312-48c7-b8c8-d2e6ab4831b6}</UniqueIdentifier>
    </Filter>
    <Filter Include="Source Files\Engine\Audio">
      <UniqueIdentifier>{7ec0569b-0dcd-40b4-98e7-9ff45b3b0dd1}</UniqueIdentifier>
    </Filter>
    <Filter Include="Source Files\Game">
      <UniqueIdentifier>{f645ea19-df7a-481a-b33c-86f8c5405258}</UniqueIdentifier>
    </Filter>
    <Filter Include="Header Files\Game">
      <UniqueIdentifier>{55ad5028-b200-448a-8014-66cd4d7dc8c7}</UniqueIdentifier>
    </Filter>
    <Filter Include="Header Files\Game\Scenes">
      <UniqueIdentifier>{5daaf94a-4f1d-41d4-8760-a62c6174d608}</UniqueIdentifier>
    </Filter>
    <Filter Include="Source Files\Game\Scenes">
      <UniqueIdentifier>{db5f6604-f01a-4761-ad91-a98641597b34}</UniqueIdentifier>
    </Filter>
    <Filter Include="Source Files\Game\Scenes\GameplayScene">
      <UniqueIdentifier>{3e0c31b2-6851-4130-a4b0-91cac2646504}</UniqueIdentifier>
    </Filter>
    <Filter Include="Source Files\Game\Scenes\TitleScene">
      <UniqueIdentifier>{d57822c6-26a5-442e-a385-a2fd29d6ff90}</UniqueIdentifier>
    </Filter>
    <Filter Include="Header Files\Game\Scenes\GameplayScene">
      <UniqueIdentifier>{a73df012-d2a6-4af1-9310-d28b977cb88a}</UniqueIdentifier>
    </Filter>
    <Filter Include="Header Files\Game\Scenes\TitleScene">
      <UniqueIdentifier>{b5257a04-a705-4902-b835-8566ca284156}</UniqueIdentifier>
    </Filter>
  </ItemGroup>
  <ItemGroup>
    <ClInclude Include="Font.h">
      <Filter>Header Files\Engine\Graphics</Filter>
    </ClInclude>
    <ClInclude Include="Graphics.h">
      <Filter>Header Files\Engine\Graphics</Filter>
    </ClInclude>
    <ClInclude Include="ImageLoader.h">
      <Filter>Header Files\Engine\Graphics</Filter>
    </ClInclude>
    <ClInclude Include="Text.h">
      <Filter>Header Files\Engine\Graphics</Filter>
    </ClInclude>
    <ClInclude Include="Texture.h">
      <Filter>Header Files\Engine\Graphics</Filter>
    </ClInclude>
    <ClInclude Include="InputManager.h">
      <Filter>Header Files\Engine\Input</Filter>
    </ClInclude>
    <ClInclude Include="MenuButton.h">
      <Filter>Header Files\Engine\Input</Filter>
    </ClInclude>
    <ClInclude Include="MenuManager.h">
      <Filter>Header Files\Engine\Input</Filter>
    </ClInclude>
    <ClInclude Include="BaseRecipient.h">
      <Filter>Header Files\Engine\Messaging</Filter>
    </ClInclude>
    <ClInclude Include="MessageHandler.h">
      <Filter>Header Files\Engine\Messaging</Filter>
    </ClInclude>
    <ClInclude Include="GSPMessage.h">
      <Filter>Header Files\Engine\Messaging</Filter>
    </ClInclude>
    <ClInclude Include="Sprite.h">
      <Filter>Header Files\Engine\Graphics</Filter>
    </ClInclude>
    <ClInclude Include="Plane.h">
      <Filter>Header Files\Engine\Graphics</Filter>
    </ClInclude>
    <ClInclude Include="DepthBatch.h">
      <Filter>Header Files\Engine\Graphics</Filter>
    </ClInclude>
    <ClInclude Include="RenderObject.h">
      <Filter>Header Files\Engine\Graphics</Filter>
    </ClInclude>
    <ClInclude Include="GraphicsCore.h">
      <Filter>Header Files\Engine\Cores</Filter>
    </ClInclude>
    <ClInclude Include="GSPWindow.h">
      <Filter>Header Files\Engine\Graphics</Filter>
    </ClInclude>
    <ClInclude Include="InputCore.h">
      <Filter>Header Files\Engine\Cores</Filter>
    </ClInclude>
    <ClInclude Include="BaseCore.h">
      <Filter>Header Files\Engine\Cores</Filter>
    </ClInclude>
    <ClInclude Include="Audio.h">
      <Filter>Header Files\Engine\Audio</Filter>
    </ClInclude>
    <ClInclude Include="Sound.h">
      <Filter>Header Files\Engine\Audio</Filter>
    </ClInclude>
    <ClInclude Include="Song.h">
      <Filter>Header Files\Engine\Audio</Filter>
    </ClInclude>
    <ClInclude Include="Utility.h">
      <Filter>Header Files\Engine</Filter>
    </ClInclude>
    <ClInclude Include="SharedStore.h">
      <Filter>Header Files\Game</Filter>
    </ClInclude>
    <ClInclude Include="Game.h">
      <Filter>Header Files\Game</Filter>
    </ClInclude>
    <ClInclude Include="Scene.h">
      <Filter>Header Files\Game</Filter>
    </ClInclude>
    <ClInclude Include="Timer.h">
      <Filter>Header Files\Game</Filter>
    </ClInclude>
    <ClInclude Include="TitleScene.h">
      <Filter>Header Files\Game\Scenes\TitleScene</Filter>
    </ClInclude>
    <ClInclude Include="DashParticleSystem.h">
      <Filter>Header Files\Game\Scenes\GameplayScene</Filter>
    </ClInclude>
    <ClInclude Include="GameplayScene.h">
      <Filter>Header Files\Game\Scenes\GameplayScene</Filter>
    </ClInclude>
    <ClInclude Include="JunkPile.h">
      <Filter>Header Files\Game\Scenes\GameplayScene</Filter>
    </ClInclude>
    <ClInclude Include="MultiBackground.h">
      <Filter>Header Files\Game\Scenes\GameplayScene</Filter>
    </ClInclude>
    <ClInclude Include="PlayerCharacter.h">
      <Filter>Header Files\Game\Scenes\GameplayScene</Filter>
    </ClInclude>
    <ClInclude Include="Rooftop.h">
      <Filter>Header Files\Game\Scenes\GameplayScene</Filter>
    </ClInclude>
    <ClInclude Include="TitleSceneMessageBox.h">
      <Filter>Header Files\Game\Scenes\TitleScene</Filter>
    </ClInclude>
  </ItemGroup>
  <ItemGroup>
    <ClCompile Include="main.cpp">
      <Filter>Source Files</Filter>
    </ClCompile>
    <ClCompile Include="Texture.cpp">
      <Filter>Source Files\Engine\Graphics</Filter>
    </ClCompile>
    <ClCompile Include="Graphics.cpp">
      <Filter>Source Files\Engine\Graphics</Filter>
    </ClCompile>
    <ClCompile Include="ImageLoader.cpp">
      <Filter>Source Files\Engine\Graphics</Filter>
    </ClCompile>
    <ClCompile Include="Text.cpp">
      <Filter>Source Files\Engine\Graphics</Filter>
    </ClCompile>
    <ClCompile Include="Font.cpp">
      <Filter>Source Files\Engine\Graphics</Filter>
    </ClCompile>
    <ClCompile Include="InputManager.cpp">
      <Filter>Source Files\Engine\Input</Filter>
    </ClCompile>
    <ClCompile Include="MenuButton.cpp">
      <Filter>Source Files\Engine\Input</Filter>
    </ClCompile>
    <ClCompile Include="MenuManager.cpp">
      <Filter>Source Files\Engine\Input</Filter>
    </ClCompile>
    <ClCompile Include="BaseRecipient.cpp">
      <Filter>Source Files\Engine\Messaging</Filter>
    </ClCompile>
    <ClCompile Include="MessageHandler.cpp">
      <Filter>Source Files\Engine\Messaging</Filter>
    </ClCompile>
    <ClCompile Include="Sprite.cpp">
      <Filter>Source Files\Engine\Graphics</Filter>
    </ClCompile>
    <ClCompile Include="Plane.cpp">
      <Filter>Source Files\Engine\Graphics</Filter>
    </ClCompile>
    <ClCompile Include="DepthBatch.cpp">
      <Filter>Source Files\Engine\Graphics</Filter>
    </ClCompile>
    <ClCompile Include="GSPWindow.cpp">
      <Filter>Source Files\Engine\Graphics</Filter>
    </ClCompile>
    <ClCompile Include="GraphicsCore.cpp">
      <Filter>Source Files\Engine\Cores</Filter>
    </ClCompile>
    <ClCompile Include="InputCore.cpp">
      <Filter>Source Files\Engine\Cores</Filter>
    </ClCompile>
    <ClCompile Include="Audio.cpp">
      <Filter>Source Files\Engine\Audio</Filter>
    </ClCompile>
    <ClCompile Include="Sound.cpp">
      <Filter>Source Files\Engine\Audio</Filter>
    </ClCompile>
    <ClCompile Include="Song.cpp">
      <Filter>Source Files\Engine\Audio</Filter>
    </ClCompile>
    <ClCompile Include="SharedStore.cpp">
      <Filter>Source Files\Game</Filter>
    </ClCompile>
    <ClCompile Include="Game.cpp">
      <Filter>Source Files\Game</Filter>
    </ClCompile>
    <ClCompile Include="Scene.cpp">
      <Filter>Source Files\Game</Filter>
    </ClCompile>
    <ClCompile Include="Timer.cpp">
      <Filter>Source Files\Game</Filter>
    </ClCompile>
    <ClCompile Include="TitleScene.cpp">
      <Filter>Source Files\Game\Scenes\TitleScene</Filter>
    </ClCompile>
    <ClCompile Include="TitleSceneMessageBox.cpp">
      <Filter>Source Files\Game\Scenes\TitleScene</Filter>
    </ClCompile>
    <ClCompile Include="DashParticleSystem.cpp">
      <Filter>Source Files\Game\Scenes\GameplayScene</Filter>
    </ClCompile>
    <ClCompile Include="GameplayScene.cpp">
      <Filter>Source Files\Game\Scenes\GameplayScene</Filter>
    </ClCompile>
    <ClCompile Include="JunkPile.cpp">
      <Filter>Source Files\Game\Scenes\GameplayScene</Filter>
    </ClCompile>
    <ClCompile Include="MultiBackground.cpp">
      <Filter>Source Files\Game\Scenes\GameplayScene</Filter>
    </ClCompile>
    <ClCompile Include="PlayerCharacter.cpp">
      <Filter>Source Files\Game\Scenes\GameplayScene</Filter>
    </ClCompile>
    <ClCompile Include="Rooftop.cpp">
      <Filter>Source Files\Game\Scenes\GameplayScene</Filter>
    </ClCompile>
  </ItemGroup>
</Project>